sdk: ^2.0.0-alpha.144
prefixes:
  host: pkg-host
  tr: pkg-tr
packages:
  pkg-host:
    url: github.com/toitlang/pkg-host
    name: host
    version: 1.15.3
    hash: 62393e8522b77eafbafe60b9817935266117daf6
  pkg-tr:
    url: github.com/toitlang/pkg-tr
    name: tr
    version: 1.0.0
    hash: 9e077a90e1c6a58688cecfdfefe9c4b0bfb9179d
